
Microsoft Visual Studio Solution File, Format Version 12.00
# Visual Studio Version 17
VisualStudioVersion = 17.5.33516.290
MinimumVisualStudioVersion = 10.0.40219.1
Project("{8BC9CEB8-8B4A-11D0-8D11-00A0C91BC942}") = "acmicpc_2667", "acmicpc_2667\acmicpc_2667.vcxproj", "{B69B5020-E8BD-430B-94BC-8F8E7B016E02}"
EndProject
Global
	GlobalSection(SolutionConfigurationPlatforms) = preSolution
		Debug|x64 = Debug|x64
		Debug|x86 = Debug|x86
		Release|x64 = Release|x64
		Release|x86 = Release|x86
	EndGlobalSection
	GlobalSection(ProjectConfigurationPlatforms) = postSolution
		{B69B5020-E8BD-430B-94BC-8F8E7B016E02}.Debug|x64.ActiveCfg = Debug|x64
		{B69B5020-E8BD-430B-94BC-8F8E7B016E02}.Debug|x64.Build.0 = Debug|x64
		{B69B5020-E8BD-430B-94BC-8F8E7B016E02}.Debug|x86.ActiveCfg = Debug|Win32
		{B69B5020-E8BD-430B-94BC-8F8E7B016E02}.Debug|x86.Build.0 = Debug|Win32
		{B69B5020-E8BD-430B-94BC-8F8E7B016E02}.Release|x64.ActiveCfg = Release|x64
		{B69B5020-E8BD-430B-94BC-8F8E7B016E02}.Release|x64.Build.0 = Release|x64
		{B69B5020-E8BD-430B-94BC-8F8E7B016E02}.Release|x86.ActiveCfg = Release|Win32
		{B69B5020-E8BD-430B-94BC-8F8E7B016E02}.Release|x86.Build.0 = Release|Win32
	EndGlobalSection
	GlobalSection(SolutionProperties) = preSolution
		HideSolutionNode = FALSE
	EndGlobalSection
	GlobalSection(ExtensibilityGlobals) = postSolution
		SolutionGuid = {382BF21D-F39D-44A8-BBC0-3B998FB3EA22}
	EndGlobalSection
EndGlobal
